{"1.1.0",
[{<<"eini">>,
  {git,"https://github.com/aws-beam/eini.git",
       {ref,"4cd6ed9f01955f4c173190373ee22491fb708d56"}},
  0},
 {<<"iso8601">>,{pkg,<<"iso8601">>,<<"1.3.1">>},0},
 {<<"jsx">>,{pkg,<<"jsx">>,<<"3.0.0">>},0}]}.
[
{pkg_hash,[
 {<<"iso8601">>, <<"D1CEE73F56D71C35590C6B2DB2074873BF410BABAAB768F6EA566366D8CA4810">>},
 {<<"jsx">>, <<"20A170ABD4335FC6DB24D5FAD1E5D677C55DADF83D1B20A8A33B5FE159892A39">>}]}
].
