{"1.2.0",
[{<<"eini">>,{pkg,<<"eini_beam">>,<<"2.2.4">>},0},
 {<<"iso8601">>,{pkg,<<"iso8601">>,<<"1.3.1">>},0},
 {<<"jsx">>,{pkg,<<"jsx">>,<<"3.0.0">>},0}]}.
[
{pkg_hash,[
 {<<"eini">>, <<"02143B1DCE4DDA4243248E7D9B3D8274B8D9F5A666445E3D868E2CCE79E4FF22">>},
 {<<"iso8601">>, <<"D1CEE73F56D71C35590C6B2DB2074873BF410BABAAB768F6EA566366D8CA4810">>},
 {<<"jsx">>, <<"20A170ABD4335FC6DB24D5FAD1E5D677C55DADF83D1B20A8A33B5FE159892A39">>}]},
{pkg_hash_ext,[
 {<<"eini">>, <<"12DE479D144B19E09BB92BA202A7EA716739929AFDF9DFF01AD802E2B1508471">>},
 {<<"iso8601">>, <<"A8B00594F4309A41D17BA4AEAB2B94DFE1F4BE99F263BC1F46DAC9002CE99A29">>},
 {<<"jsx">>, <<"37BECA0435F5CA8A2F45F76A46211E76418FBEF80C36F0361C249FC75059DC6D">>}]}
].
